// !$*UTF8*$!
{
	archiveVersion = 1;
	classes = {
	};
	objectVersion = 50;
	objects = {

/* Begin PBXBuildFile section */
		AF327FD227E89BED00CC108F /* AppDelegate.swift in Sources */ = {isa = PBXBuildFile; fileRef = AF327FD127E89BED00CC108F /* AppDelegate.swift */; };
		AF327FD427E89BED00CC108F /* SceneDelegate.swift in Sources */ = {isa = PBXBuildFile; fileRef = AF327FD327E89BED00CC108F /* SceneDelegate.swift */; };
		AF327FD927E89BED00CC108F /* Main.storyboard in Resources */ = {isa = PBXBuildFile; fileRef = AF327FD727E89BED00CC108F /* Main.storyboard */; };
		AF327FDB27E89BF400CC108F /* Assets.xcassets in Resources */ = {isa = PBXBuildFile; fileRef = AF327FDA27E89BF400CC108F /* Assets.xcassets */; };
		AF327FDE27E89BF400CC108F /* LaunchScreen.storyboard in Resources */ = {isa = PBXBuildFile; fileRef = AF327FDC27E89BF400CC108F /* LaunchScreen.storyboard */; };
		AF327FEB27E89F3B00CC108F /* LoginViewController.swift in Sources */ = {isa = PBXBuildFile; fileRef = AF327FEA27E89F3B00CC108F /* LoginViewController.swift */; };
		AF327FED27E89F7700CC108F /* LocationTableViewController.swift in Sources */ = {isa = PBXBuildFile; fileRef = AF327FEC27E89F7700CC108F /* LocationTableViewController.swift */; };
		AF327FEF27E89F9C00CC108F /* LocationMapViewController.swift in Sources */ = {isa = PBXBuildFile; fileRef = AF327FEE27E89F9C00CC108F /* LocationMapViewController.swift */; };
		AF327FF327E89FF500CC108F /* AddPinViewController.swift in Sources */ = {isa = PBXBuildFile; fileRef = AF327FF227E89FF500CC108F /* AddPinViewController.swift */; };
		AF327FF527E8A0D400CC108F /* LocationConfirmationViewController.swift in Sources */ = {isa = PBXBuildFile; fileRef = AF327FF427E8A0D400CC108F /* LocationConfirmationViewController.swift */; };
		AF327FF927EB8C4F00CC108F /* LocationTableCell.swift in Sources */ = {isa = PBXBuildFile; fileRef = AF327FF827EB8C4F00CC108F /* LocationTableCell.swift */; };
		AF6091F328120D0A00331A3C /* StudentModel.swift in Sources */ = {isa = PBXBuildFile; fileRef = AF6091F228120D0A00331A3C /* StudentModel.swift */; };
		AF6091F528120F5100331A3C /* UdacityClient.swift in Sources */ = {isa = PBXBuildFile; fileRef = AF6091F428120F5100331A3C /* UdacityClient.swift */; };
		AF6091F728120FCB00331A3C /* LoginRequest.swift in Sources */ = {isa = PBXBuildFile; fileRef = AF6091F628120FCB00331A3C /* LoginRequest.swift */; };
		AF6091F928120FEF00331A3C /* PostLocation.swift in Sources */ = {isa = PBXBuildFile; fileRef = AF6091F828120FEF00331A3C /* PostLocation.swift */; };
		AF6091FB2812101700331A3C /* LoginResponse.swift in Sources */ = {isa = PBXBuildFile; fileRef = AF6091FA2812101700331A3C /* LoginResponse.swift */; };
		AF6091FD2812103200331A3C /* StudentLocation.swift in Sources */ = {isa = PBXBuildFile; fileRef = AF6091FC2812103200331A3C /* StudentLocation.swift */; };
		AF6091FF2812109600331A3C /* StudentLocationResults.swift in Sources */ = {isa = PBXBuildFile; fileRef = AF6091FE2812109600331A3C /* StudentLocationResults.swift */; };
		AF609201281210B400331A3C /* UpdateLocationResponse.swift in Sources */ = {isa = PBXBuildFile; fileRef = AF609200281210B400331A3C /* UpdateLocationResponse.swift */; };
		AF609203281210D400331A3C /* GetUserDataResponse.swift in Sources */ = {isa = PBXBuildFile; fileRef = AF609202281210D400331A3C /* GetUserDataResponse.swift */; };
		AF609205281210EC00331A3C /* PostLocationResponse.swift in Sources */ = {isa = PBXBuildFile; fileRef = AF609204281210EC00331A3C /* PostLocationResponse.swift */; };
/* End PBXBuildFile section */

/* Begin PBXFileReference section */
		AF327FCE27E89BED00CC108F /* OnTheMap.app */ = {isa = PBXFileReference; explicitFileType = wrapper.application; includeInIndex = 0; path = OnTheMap.app; sourceTree = BUILT_PRODUCTS_DIR; };
		AF327FD127E89BED00CC108F /* AppDelegate.swift */ = {isa = PBXFileReference; lastKnownFileType = sourcecode.swift; path = AppDelegate.swift; sourceTree = "<group>"; };
		AF327FD327E89BED00CC108F /* SceneDelegate.swift */ = {isa = PBXFileReference; lastKnownFileType = sourcecode.swift; path = SceneDelegate.swift; sourceTree = "<group>"; };
		AF327FD827E89BED00CC108F /* Base */ = {isa = PBXFileReference; lastKnownFileType = file.storyboard; name = Base; path = Base.lproj/Main.storyboard; sourceTree = "<group>"; };
		AF327FDA27E89BF400CC108F /* Assets.xcassets */ = {isa = PBXFileReference; lastKnownFileType = folder.assetcatalog; path = Assets.xcassets; sourceTree = "<group>"; };
		AF327FDD27E89BF400CC108F /* Base */ = {isa = PBXFileReference; lastKnownFileType = file.storyboard; name = Base; path = Base.lproj/LaunchScreen.storyboard; sourceTree = "<group>"; };
		AF327FDF27E89BF400CC108F /* Info.plist */ = {isa = PBXFileReference; lastKnownFileType = text.plist.xml; path = Info.plist; sourceTree = "<group>"; };
		AF327FEA27E89F3B00CC108F /* LoginViewController.swift */ = {isa = PBXFileReference; lastKnownFileType = sourcecode.swift; path = LoginViewController.swift; sourceTree = "<group>"; };
		AF327FEC27E89F7700CC108F /* LocationTableViewController.swift */ = {isa = PBXFileReference; lastKnownFileType = sourcecode.swift; path = LocationTableViewController.swift; sourceTree = "<group>"; };
		AF327FEE27E89F9C00CC108F /* LocationMapViewController.swift */ = {isa = PBXFileReference; lastKnownFileType = sourcecode.swift; path = LocationMapViewController.swift; sourceTree = "<group>"; };
		AF327FF227E89FF500CC108F /* AddPinViewController.swift */ = {isa = PBXFileReference; lastKnownFileType = sourcecode.swift; path = AddPinViewController.swift; sourceTree = "<group>"; };
		AF327FF427E8A0D400CC108F /* LocationConfirmationViewController.swift */ = {isa = PBXFileReference; lastKnownFileType = sourcecode.swift; path = LocationConfirmationViewController.swift; sourceTree = "<group>"; };
		AF327FF827EB8C4F00CC108F /* LocationTableCell.swift */ = {isa = PBXFileReference; lastKnownFileType = sourcecode.swift; path = LocationTableCell.swift; sourceTree = "<group>"; };
		AF6091F228120D0A00331A3C /* StudentModel.swift */ = {isa = PBXFileReference; lastKnownFileType = sourcecode.swift; path = StudentModel.swift; sourceTree = "<group>"; };
		AF6091F428120F5100331A3C /* UdacityClient.swift */ = {isa = PBXFileReference; fileEncoding = 4; lastKnownFileType = sourcecode.swift; path = UdacityClient.swift; sourceTree = "<group>"; };
		AF6091F628120FCB00331A3C /* LoginRequest.swift */ = {isa = PBXFileReference; lastKnownFileType = sourcecode.swift; path = LoginRequest.swift; sourceTree = "<group>"; };
		AF6091F828120FEF00331A3C /* PostLocation.swift */ = {isa = PBXFileReference; lastKnownFileType = sourcecode.swift; path = PostLocation.swift; sourceTree = "<group>"; };
		AF6091FA2812101700331A3C /* LoginResponse.swift */ = {isa = PBXFileReference; lastKnownFileType = sourcecode.swift; path = LoginResponse.swift; sourceTree = "<group>"; };
		AF6091FC2812103200331A3C /* StudentLocation.swift */ = {isa = PBXFileReference; lastKnownFileType = sourcecode.swift; path = StudentLocation.swift; sourceTree = "<group>"; };
		AF6091FE2812109600331A3C /* StudentLocationResults.swift */ = {isa = PBXFileReference; lastKnownFileType = sourcecode.swift; path = StudentLocationResults.swift; sourceTree = "<group>"; };
		AF609200281210B400331A3C /* UpdateLocationResponse.swift */ = {isa = PBXFileReference; lastKnownFileType = sourcecode.swift; path = UpdateLocationResponse.swift; sourceTree = "<group>"; };
		AF609202281210D400331A3C /* GetUserDataResponse.swift */ = {isa = PBXFileReference; lastKnownFileType = sourcecode.swift; path = GetUserDataResponse.swift; sourceTree = "<group>"; };
		AF609204281210EC00331A3C /* PostLocationResponse.swift */ = {isa = PBXFileReference; lastKnownFileType = sourcecode.swift; path = PostLocationResponse.swift; sourceTree = "<group>"; };
/* End PBXFileReference section */

/* Begin PBXFrameworksBuildPhase section */
		AF327FCB27E89BED00CC108F /* Frameworks */ = {
			isa = PBXFrameworksBuildPhase;
			buildActionMask = 2147483647;
			files = (
			);
			runOnlyForDeploymentPostprocessing = 0;
		};
/* End PBXFrameworksBuildPhase section */

/* Begin PBXGroup section */
		AF327FC527E89BED00CC108F = {
			isa = PBXGroup;
			children = (
				AF327FD027E89BED00CC108F /* OnTheMap */,
				AF327FDA27E89BF400CC108F /* Assets.xcassets */,
				AF327FDF27E89BF400CC108F /* Info.plist */,
				AF327FCF27E89BED00CC108F /* Products */,
			);
			sourceTree = "<group>";
		};
		AF327FCF27E89BED00CC108F /* Products */ = {
			isa = PBXGroup;
			children = (
				AF327FCE27E89BED00CC108F /* OnTheMap.app */,
			);
			name = Products;
			sourceTree = "<group>";
		};
		AF327FD027E89BED00CC108F /* OnTheMap */ = {
			isa = PBXGroup;
			children = (
				AF327FD127E89BED00CC108F /* AppDelegate.swift */,
				AF327FD327E89BED00CC108F /* SceneDelegate.swift */,
				AF327FE527E89C0C00CC108F /* Controllers */,
				AF327FE727E89C7A00CC108F /* Model */,
				AF327FE627E89C2000CC108F /* View */,
			);
			path = OnTheMap;
			sourceTree = "<group>";
		};
		AF327FE527E89C0C00CC108F /* Controllers */ = {
			isa = PBXGroup;
			children = (
				AF327FEA27E89F3B00CC108F /* LoginViewController.swift */,
				AF327FEC27E89F7700CC108F /* LocationTableViewController.swift */,
				AF327FEE27E89F9C00CC108F /* LocationMapViewController.swift */,
				AF327FF227E89FF500CC108F /* AddPinViewController.swift */,
				AF327FF427E8A0D400CC108F /* LocationConfirmationViewController.swift */,
				AF327FF827EB8C4F00CC108F /* LocationTableCell.swift */,
			);
			path = Controllers;
			sourceTree = "<group>";
		};
		AF327FE627E89C2000CC108F /* View */ = {
			isa = PBXGroup;
			children = (
				AF327FD727E89BED00CC108F /* Main.storyboard */,
				AF327FDC27E89BF400CC108F /* LaunchScreen.storyboard */,
			);
			path = View;
			sourceTree = "<group>";
		};
		AF327FE727E89C7A00CC108F /* Model */ = {
			isa = PBXGroup;
			children = (
				AF6091F128120CC900331A3C /* Network */,
				AF6091F028120CA500331A3C /* Data */,
			);
			path = Model;
			sourceTree = "<group>";
		};
		AF6091F028120CA500331A3C /* Data */ = {
			isa = PBXGroup;
			children = (
				AF6091F228120D0A00331A3C /* StudentModel.swift */,
				AF6091F428120F5100331A3C /* UdacityClient.swift */,
			);
			path = Data;
			sourceTree = "<group>";
		};
		AF6091F128120CC900331A3C /* Network */ = {
			isa = PBXGroup;
			children = (
				AF6091F628120FCB00331A3C /* LoginRequest.swift */,
				AF6091F828120FEF00331A3C /* PostLocation.swift */,
				AF6091FA2812101700331A3C /* LoginResponse.swift */,
				AF6091FC2812103200331A3C /* StudentLocation.swift */,
				AF6091FE2812109600331A3C /* StudentLocationResults.swift */,
				AF609200281210B400331A3C /* UpdateLocationResponse.swift */,
				AF609202281210D400331A3C /* GetUserDataResponse.swift */,
				AF609204281210EC00331A3C /* PostLocationResponse.swift */,
			);
			path = Network;
			sourceTree = "<group>";
		};
/* End PBXGroup section */

/* Begin PBXNativeTarget section */
		AF327FCD27E89BED00CC108F /* OnTheMap */ = {
			isa = PBXNativeTarget;
			buildConfigurationList = AF327FE227E89BF400CC108F /* Build configuration list for PBXNativeTarget "OnTheMap" */;
			buildPhases = (
				AF327FCA27E89BED00CC108F /* Sources */,
				AF327FCB27E89BED00CC108F /* Frameworks */,
				AF327FCC27E89BED00CC108F /* Resources */,
			);
			buildRules = (
			);
			dependencies = (
			);
			name = OnTheMap;
			productName = OnTheMap;
			productReference = AF327FCE27E89BED00CC108F /* OnTheMap.app */;
			productType = "com.apple.product-type.application";
		};
/* End PBXNativeTarget section */

/* Begin PBXProject section */
		AF327FC627E89BED00CC108F /* Project object */ = {
			isa = PBXProject;
			attributes = {
				LastSwiftUpdateCheck = 1250;
				LastUpgradeCheck = 1250;
				TargetAttributes = {
					AF327FCD27E89BED00CC108F = {
						CreatedOnToolsVersion = 12.5;
					};
				};
			};
			buildConfigurationList = AF327FC927E89BED00CC108F /* Build configuration list for PBXProject "OnTheMap" */;
			compatibilityVersion = "Xcode 9.3";
			developmentRegion = en;
			hasScannedForEncodings = 0;
			knownRegions = (
				en,
				Base,
			);
			mainGroup = AF327FC527E89BED00CC108F;
			productRefGroup = AF327FCF27E89BED00CC108F /* Products */;
			projectDirPath = "";
			projectRoot = "";
			targets = (
				AF327FCD27E89BED00CC108F /* OnTheMap */,
			);
		};
/* End PBXProject section */

/* Begin PBXResourcesBuildPhase section */
		AF327FCC27E89BED00CC108F /* Resources */ = {
			isa = PBXResourcesBuildPhase;
			buildActionMask = 2147483647;
			files = (
				AF327FDE27E89BF400CC108F /* LaunchScreen.storyboard in Resources */,
				AF327FDB27E89BF400CC108F /* Assets.xcassets in Resources */,
				AF327FD927E89BED00CC108F /* Main.storyboard in Resources */,
			);
			runOnlyForDeploymentPostprocessing = 0;
		};
/* End PBXResourcesBuildPhase section */

/* Begin PBXSourcesBuildPhase section */
		AF327FCA27E89BED00CC108F /* Sources */ = {
			isa = PBXSourcesBuildPhase;
			buildActionMask = 2147483647;
			files = (
				AF327FF527E8A0D400CC108F /* LocationConfirmationViewController.swift in Sources */,
				AF327FF327E89FF500CC108F /* AddPinViewController.swift in Sources */,
				AF609203281210D400331A3C /* GetUserDataResponse.swift in Sources */,
				AF609201281210B400331A3C /* UpdateLocationResponse.swift in Sources */,
				AF609205281210EC00331A3C /* PostLocationResponse.swift in Sources */,
				AF327FEB27E89F3B00CC108F /* LoginViewController.swift in Sources */,
				AF6091FD2812103200331A3C /* StudentLocation.swift in Sources */,
				AF6091F728120FCB00331A3C /* LoginRequest.swift in Sources */,
				AF6091F528120F5100331A3C /* UdacityClient.swift in Sources */,
				AF6091F328120D0A00331A3C /* StudentModel.swift in Sources */,
				AF6091FB2812101700331A3C /* LoginResponse.swift in Sources */,
				AF327FF927EB8C4F00CC108F /* LocationTableCell.swift in Sources */,
				AF6091FF2812109600331A3C /* StudentLocationResults.swift in Sources */,
				AF6091F928120FEF00331A3C /* PostLocation.swift in Sources */,
				AF327FEF27E89F9C00CC108F /* LocationMapViewController.swift in Sources */,
				AF327FD227E89BED00CC108F /* AppDelegate.swift in Sources */,
				AF327FED27E89F7700CC108F /* LocationTableViewController.swift in Sources */,
				AF327FD427E89BED00CC108F /* SceneDelegate.swift in Sources */,
			);
			runOnlyForDeploymentPostprocessing = 0;
		};
/* End PBXSourcesBuildPhase section */

/* Begin PBXVariantGroup section */
		AF327FD727E89BED00CC108F /* Main.storyboard */ = {
			isa = PBXVariantGroup;
			children = (
				AF327FD827E89BED00CC108F /* Base */,
			);
			name = Main.storyboard;
			sourceTree = "<group>";
		};
		AF327FDC27E89BF400CC108F /* LaunchScreen.storyboard */ = {
			isa = PBXVariantGroup;
			children = (
				AF327FDD27E89BF400CC108F /* Base */,
			);
			name = LaunchScreen.storyboard;
			sourceTree = "<group>";
		};
/* End PBXVariantGroup section */

/* Begin XCBuildConfiguration section */
		AF327FE027E89BF400CC108F /* Debug */ = {
			isa = XCBuildConfiguration;
			buildSettings = {
				ALWAYS_SEARCH_USER_PATHS = NO;
				CLANG_ANALYZER_NONNULL = YES;
				CLANG_ANALYZER_NUMBER_OBJECT_CONVERSION = YES_AGGRESSIVE;
				CLANG_CXX_LANGUAGE_STANDARD = "gnu++14";
				CLANG_CXX_LIBRARY = "libc++";
				CLANG_ENABLE_MODULES = YES;
				CLANG_ENABLE_OBJC_ARC = YES;
				CLANG_ENABLE_OBJC_WEAK = YES;
				CLANG_WARN_BLOCK_CAPTURE_AUTORELEASING = YES;
				CLANG_WARN_BOOL_CONVERSION = YES;
				CLANG_WARN_COMMA = YES;
				CLANG_WARN_CONSTANT_CONVERSION = YES;
				CLANG_WARN_DEPRECATED_OBJC_IMPLEMENTATIONS = YES;
				CLANG_WARN_DIRECT_OBJC_ISA_USAGE = YES_ERROR;
				CLANG_WARN_DOCUMENTATION_COMMENTS = YES;
				CLANG_WARN_EMPTY_BODY = YES;
				CLANG_WARN_ENUM_CONVERSION = YES;
				CLANG_WARN_INFINITE_RECURSION = YES;
				CLANG_WARN_INT_CONVERSION = YES;
				CLANG_WARN_NON_LITERAL_NULL_CONVERSION = YES;
				CLANG_WARN_OBJC_IMPLICIT_RETAIN_SELF = YES;
				CLANG_WARN_OBJC_LITERAL_CONVERSION = YES;
				CLANG_WARN_OBJC_ROOT_CLASS = YES_ERROR;
				CLANG_WARN_QUOTED_INCLUDE_IN_FRAMEWORK_HEADER = YES;
				CLANG_WARN_RANGE_LOOP_ANALYSIS = YES;
				CLANG_WARN_STRICT_PROTOTYPES = YES;
				CLANG_WARN_SUSPICIOUS_MOVE = YES;
				CLANG_WARN_UNGUARDED_AVAILABILITY = YES_AGGRESSIVE;
				CLANG_WARN_UNREACHABLE_CODE = YES;
				CLANG_WARN__DUPLICATE_METHOD_MATCH = YES;
				COPY_PHASE_STRIP = NO;
				DEBUG_INFORMATION_FORMAT = dwarf;
				ENABLE_STRICT_OBJC_MSGSEND = YES;
				ENABLE_TESTABILITY = YES;
				GCC_C_LANGUAGE_STANDARD = gnu11;
				GCC_DYNAMIC_NO_PIC = NO;
				GCC_NO_COMMON_BLOCKS = YES;
				GCC_OPTIMIZATION_LEVEL = 0;
				GCC_PREPROCESSOR_DEFINITIONS = (
					"DEBUG=1",
					"$(inherited)",
				);
				GCC_WARN_64_TO_32_BIT_CONVERSION = YES;
				GCC_WARN_ABOUT_RETURN_TYPE = YES_ERROR;
				GCC_WARN_UNDECLARED_SELECTOR = YES;
				GCC_WARN_UNINITIALIZED_AUTOS = YES_AGGRESSIVE;
				GCC_WARN_UNUSED_FUNCTION = YES;
				GCC_WARN_UNUSED_VARIABLE = YES;
				IPHONEOS_DEPLOYMENT_TARGET = 14.5;
				MTL_ENABLE_DEBUG_INFO = INCLUDE_SOURCE;
				MTL_FAST_MATH = YES;
				ONLY_ACTIVE_ARCH = YES;
				SDKROOT = iphoneos;
				SWIFT_ACTIVE_COMPILATION_CONDITIONS = DEBUG;
				SWIFT_OPTIMIZATION_LEVEL = "-Onone";
			};
			name = Debug;
		};
		AF327FE127E89BF400CC108F /* Release */ = {
			isa = XCBuildConfiguration;
			buildSettings = {
				ALWAYS_SEARCH_USER_PATHS = NO;
				CLANG_ANALYZER_NONNULL = YES;
				CLANG_ANALYZER_NUMBER_OBJECT_CONVERSION = YES_AGGRESSIVE;
				CLANG_CXX_LANGUAGE_STANDARD = "gnu++14";
				CLANG_CXX_LIBRARY = "libc++";
				CLANG_ENABLE_MODULES = YES;
				CLANG_ENABLE_OBJC_ARC = YES;
				CLANG_ENABLE_OBJC_WEAK = YES;
				CLANG_WARN_BLOCK_CAPTURE_AUTORELEASING = YES;
				CLANG_WARN_BOOL_CONVERSION = YES;
				CLANG_WARN_COMMA = YES;
				CLANG_WARN_CONSTANT_CONVERSION = YES;
				CLANG_WARN_DEPRECATED_OBJC_IMPLEMENTATIONS = YES;
				CLANG_WARN_DIRECT_OBJC_ISA_USAGE = YES_ERROR;
				CLANG_WARN_DOCUMENTATION_COMMENTS = YES;
				CLANG_WARN_EMPTY_BODY = YES;
				CLANG_WARN_ENUM_CONVERSION = YES;
				CLANG_WARN_INFINITE_RECURSION = YES;
				CLANG_WARN_INT_CONVERSION = YES;
				CLANG_WARN_NON_LITERAL_NULL_CONVERSION = YES;
				CLANG_WARN_OBJC_IMPLICIT_RETAIN_SELF = YES;
				CLANG_WARN_OBJC_LITERAL_CONVERSION = YES;
				CLANG_WARN_OBJC_ROOT_CLASS = YES_ERROR;
				CLANG_WARN_QUOTED_INCLUDE_IN_FRAMEWORK_HEADER = YES;
				CLANG_WARN_RANGE_LOOP_ANALYSIS = YES;
				CLANG_WARN_STRICT_PROTOTYPES = YES;
				CLANG_WARN_SUSPICIOUS_MOVE = YES;
				CLANG_WARN_UNGUARDED_AVAILABILITY = YES_AGGRESSIVE;
				CLANG_WARN_UNREACHABLE_CODE = YES;
				CLANG_WARN__DUPLICATE_METHOD_MATCH = YES;
				COPY_PHASE_STRIP = NO;
				DEBUG_INFORMATION_FORMAT = "dwarf-with-dsym";
				ENABLE_NS_ASSERTIONS = NO;
				ENABLE_STRICT_OBJC_MSGSEND = YES;
				GCC_C_LANGUAGE_STANDARD = gnu11;
				GCC_NO_COMMON_BLOCKS = YES;
				GCC_WARN_64_TO_32_BIT_CONVERSION = YES;
				GCC_WARN_ABOUT_RETURN_TYPE = YES_ERROR;
				GCC_WARN_UNDECLARED_SELECTOR = YES;
				GCC_WARN_UNINITIALIZED_AUTOS = YES_AGGRESSIVE;
				GCC_WARN_UNUSED_FUNCTION = YES;
				GCC_WARN_UNUSED_VARIABLE = YES;
				IPHONEOS_DEPLOYMENT_TARGET = 14.5;
				MTL_ENABLE_DEBUG_INFO = NO;
				MTL_FAST_MATH = YES;
				SDKROOT = iphoneos;
				SWIFT_COMPILATION_MODE = wholemodule;
				SWIFT_OPTIMIZATION_LEVEL = "-O";
				VALIDATE_PRODUCT = YES;
			};
			name = Release;
		};
		AF327FE327E89BF400CC108F /* Debug */ = {
			isa = XCBuildConfiguration;
			buildSettings = {
				ASSETCATALOG_COMPILER_APPICON_NAME = AppIcon;
				ASSETCATALOG_COMPILER_GLOBAL_ACCENT_COLOR_NAME = AccentColor;
				CODE_SIGN_STYLE = Automatic;
				INFOPLIST_FILE = "$(SRCROOT)/Info.plist";
				LD_RUNPATH_SEARCH_PATHS = (
					"$(inherited)",
					"@executable_path/Frameworks",
				);
				PRODUCT_BUNDLE_IDENTIFIER = com.Udacity.OnTheMap;
				PRODUCT_NAME = "$(TARGET_NAME)";
				SWIFT_VERSION = 5.0;
				TARGETED_DEVICE_FAMILY = "1,2";
			};
			name = Debug;
		};
		AF327FE427E89BF400CC108F /* Release */ = {
			isa = XCBuildConfiguration;
			buildSettings = {
				ASSETCATALOG_COMPILER_APPICON_NAME = AppIcon;
				ASSETCATALOG_COMPILER_GLOBAL_ACCENT_COLOR_NAME = AccentColor;
				CODE_SIGN_STYLE = Automatic;
				INFOPLIST_FILE = "$(SRCROOT)/Info.plist";
				LD_RUNPATH_SEARCH_PATHS = (
					"$(inherited)",
					"@executable_path/Frameworks",
				);
				PRODUCT_BUNDLE_IDENTIFIER = com.Udacity.OnTheMap;
				PRODUCT_NAME = "$(TARGET_NAME)";
				SWIFT_VERSION = 5.0;
				TARGETED_DEVICE_FAMILY = "1,2";
			};
			name = Release;
		};
/* End XCBuildConfiguration section */

/* Begin XCConfigurationList section */
		AF327FC927E89BED00CC108F /* Build configuration list for PBXProject "OnTheMap" */ = {
			isa = XCConfigurationList;
			buildConfigurations = (
				AF327FE027E89BF400CC108F /* Debug */,
				AF327FE127E89BF400CC108F /* Release */,
			);
			defaultConfigurationIsVisible = 0;
			defaultConfigurationName = Release;
		};
		AF327FE227E89BF400CC108F /* Build configuration list for PBXNativeTarget "OnTheMap" */ = {
			isa = XCConfigurationList;
			buildConfigurations = (
				AF327FE327E89BF400CC108F /* Debug */,
				AF327FE427E89BF400CC108F /* Release */,
			);
			defaultConfigurationIsVisible = 0;
			defaultConfigurationName = Release;
		};
/* End XCConfigurationList section */
	};
	rootObject = AF327FC627E89BED00CC108F /* Project object */;
}
